{
    "_readme": [
        "This file locks the dependencies of your project to a known state",
        "Read more about it at https://getcomposer.org/doc/01-basic-usage.md#composer-lock-the-lock-file",
        "This file is @generated automatically"
    ],
    "hash": "a8fff7992d9dd07fe570aa52515db224",
    "content-hash": "016932143f78d43a8f629e7e2b97eeb0",
    "packages": [
        {
            "name": "chuyskywalker/rolling-curl",
            "version": "3.1.0",
            "source": {
                "type": "git",
                "url": "https://github.com/chuyskywalker/rolling-curl.git",
                "reference": "fc1d28c221962f25e9615bd3991dd82732420c8c"
            },
            "dist": {
                "type": "zip",
                "url": "https://api.github.com/repos/chuyskywalker/rolling-curl/zipball/fc1d28c221962f25e9615bd3991dd82732420c8c",
                "reference": "fc1d28c221962f25e9615bd3991dd82732420c8c",
                "shasum": ""
            },
            "require": {
                "ext-curl": "*",
                "lib-curl": "*",
                "php": ">=5.3.0"
            },
            "type": "library",
            "autoload": {
                "psr-0": {
                    "RollingCurl": "src/"
                }
            },
            "notification-url": "https://packagist.org/downloads/",
            "license": [
                "Apache-2.0"
            ],
            "authors": [
                {
                    "name": "Jeff Minard",
                    "homepage": "http://jrm.cc/",
                    "role": "Developer"
                },
                {
                    "name": "Josh Fraser",
                    "email": "joshfraz@gmail.com",
                    "homepage": "http://joshfraser.com/",
                    "role": "Developer"
                },
                {
                    "name": "Alexander Makarov",
                    "email": "sam@rmcreative.ru",
                    "homepage": "http://rmcreative.ru/",
                    "role": "Developer"
                }
            ],
            "description": "Rolling-Curl: A non-blocking, non-dos multi-curl library for PHP",
            "homepage": "https://github.com/chuyskywalker/rolling-curl",
            "keywords": [
                "asynchronous",
                "curl",
                "http",
                "multi",
                "parallel",
                "requests"
            ],
            "time": "2014-08-30 03:39:25"
        },
        {
            "name": "gregwar/cache",
            "version": "v1.0.10",
            "target-dir": "Gregwar/Cache",
            "source": {
                "type": "git",
                "url": "https://github.com/Gregwar/Cache.git",
                "reference": "0a1a02e4943e95f491b3d2395609247385975622"
            },
            "dist": {
                "type": "zip",
                "url": "https://api.github.com/repos/Gregwar/Cache/zipball/0a1a02e4943e95f491b3d2395609247385975622",
                "reference": "0a1a02e4943e95f491b3d2395609247385975622",
                "shasum": ""
            },
            "require": {
                "php": ">=5.3"
            },
            "type": "library",
            "autoload": {
                "psr-0": {
                    "Gregwar\\Cache": ""
                }
            },
            "notification-url": "https://packagist.org/downloads/",
            "license": [
                "MIT"
            ],
            "authors": [
                {
                    "name": "Gregwar",
                    "email": "g.passault@gmail.com"
                }
            ],
            "description": "A lightweight file-system cache system",
            "keywords": [
                "cache",
                "caching",
                "file-system",
                "system"
            ],
            "time": "2014-09-24 11:23:30"
        },
        {
            "name": "gregwar/captcha",
            "version": "v1.1.1",
            "source": {
                "type": "git",
                "url": "https://github.com/Gregwar/Captcha.git",
                "reference": "1240ab993ca713680573b2d4166900da5f758623"
            },
            "dist": {
                "type": "zip",
                "url": "https://api.github.com/repos/Gregwar/Captcha/zipball/1240ab993ca713680573b2d4166900da5f758623",
                "reference": "1240ab993ca713680573b2d4166900da5f758623",
                "shasum": ""
            },
            "require": {
                "ext-gd": "*",
                "php": ">=5.3.0"
            },
            "type": "captcha",
            "autoload": {
                "psr-4": {
                    "Gregwar\\Captcha\\": "/"
                }
            },
            "notification-url": "https://packagist.org/downloads/",
            "license": [
                "MIT"
            ],
            "authors": [
                {
                    "name": "Grégoire Passault",
                    "email": "g.passault@gmail.com",
                    "homepage": "http://www.gregwar.com/"
                },
                {
                    "name": "Jeremy Livingston",
                    "email": "jeremy.j.livingston@gmail.com"
                }
            ],
            "description": "Captcha generator",
            "homepage": "https://github.com/Gregwar/Captcha",
            "keywords": [
                "bot",
                "captcha",
                "spam"
            ],
            "time": "2015-09-11 15:23:20"
        },
        {
            "name": "gregwar/image",
            "version": "v2.0.20",
            "target-dir": "Gregwar/Image",
            "source": {
                "type": "git",
                "url": "https://github.com/Gregwar/Image.git",
                "reference": "2c6bf2fb3b0eb844f0568d6ee55eeb86fc799414"
            },
            "dist": {
                "type": "zip",
                "url": "https://api.github.com/repos/Gregwar/Image/zipball/2c6bf2fb3b0eb844f0568d6ee55eeb86fc799414",
                "reference": "2c6bf2fb3b0eb844f0568d6ee55eeb86fc799414",
                "shasum": ""
            },
            "require": {
                "ext-gd": "*",
                "gregwar/cache": "1.*",
                "php": ">=5.3.0"
            },
            "suggest": {
                "behat/transliterator": "Transliterator provides ability to set non-latin1 pretty names"
            },
            "type": "library",
            "autoload": {
                "psr-0": {
                    "Gregwar\\Image": ""
                }
            },
            "notification-url": "https://packagist.org/downloads/",
            "license": [
                "MIT"
            ],
            "authors": [
                {
                    "name": "Grégoire Passault",
                    "email": "g.passault@gmail.com",
                    "homepage": "http://www.gregwar.com/"
                }
            ],
            "description": "Image handling",
            "homepage": "https://github.com/Gregwar/Image",
            "keywords": [
                "gd",
                "image"
            ],
            "time": "2015-05-30 19:24:37"
        },
        {
            "name": "guzzlehttp/guzzle",
            "version": "6.2.0",
            "source": {
                "type": "git",
                "url": "https://github.com/guzzle/guzzle.git",
                "reference": "d094e337976dff9d8e2424e8485872194e768662"
            },
            "dist": {
                "type": "zip",
                "url": "https://api.github.com/repos/guzzle/guzzle/zipball/d094e337976dff9d8e2424e8485872194e768662",
                "reference": "d094e337976dff9d8e2424e8485872194e768662",
                "shasum": ""
            },
            "require": {
                "guzzlehttp/promises": "~1.0",
                "guzzlehttp/psr7": "~1.1",
                "php": ">=5.5.0"
            },
            "require-dev": {
                "ext-curl": "*",
                "phpunit/phpunit": "~4.0",
                "psr/log": "~1.0"
            },
            "type": "library",
            "extra": {
                "branch-alias": {
                    "dev-master": "6.2-dev"
                }
            },
            "autoload": {
                "files": [
                    "src/functions_include.php"
                ],
                "psr-4": {
                    "GuzzleHttp\\": "src/"
                }
            },
            "notification-url": "https://packagist.org/downloads/",
            "license": [
                "MIT"
            ],
            "authors": [
                {
                    "name": "Michael Dowling",
                    "email": "mtdowling@gmail.com",
                    "homepage": "https://github.com/mtdowling"
                }
            ],
            "description": "Guzzle is a PHP HTTP client library",
            "homepage": "http://guzzlephp.org/",
            "keywords": [
                "client",
                "curl",
                "framework",
                "http",
                "http client",
                "rest",
                "web service"
            ],
            "time": "2016-03-21 20:02:09"
        },
        {
            "name": "guzzlehttp/promises",
            "version": "1.2.0",
            "source": {
                "type": "git",
                "url": "https://github.com/guzzle/promises.git",
                "reference": "c10d860e2a9595f8883527fa0021c7da9e65f579"
            },
            "dist": {
                "type": "zip",
                "url": "https://api.github.com/repos/guzzle/promises/zipball/c10d860e2a9595f8883527fa0021c7da9e65f579",
                "reference": "c10d860e2a9595f8883527fa0021c7da9e65f579",
                "shasum": ""
            },
            "require": {
                "php": ">=5.5.0"
            },
            "require-dev": {
                "phpunit/phpunit": "~4.0"
            },
            "type": "library",
            "extra": {
                "branch-alias": {
                    "dev-master": "1.0-dev"
                }
            },
            "autoload": {
                "psr-4": {
                    "GuzzleHttp\\Promise\\": "src/"
                },
                "files": [
                    "src/functions_include.php"
                ]
            },
            "notification-url": "https://packagist.org/downloads/",
            "license": [
                "MIT"
            ],
            "authors": [
                {
                    "name": "Michael Dowling",
                    "email": "mtdowling@gmail.com",
                    "homepage": "https://github.com/mtdowling"
                }
            ],
            "description": "Guzzle promises library",
            "keywords": [
                "promise"
            ],
            "time": "2016-05-18 16:56:05"
        },
        {
            "name": "guzzlehttp/psr7",
            "version": "1.3.0",
            "source": {
                "type": "git",
                "url": "https://github.com/guzzle/psr7.git",
                "reference": "31382fef2889136415751badebbd1cb022a4ed72"
            },
            "dist": {
                "type": "zip",
                "url": "https://api.github.com/repos/guzzle/psr7/zipball/31382fef2889136415751badebbd1cb022a4ed72",
                "reference": "31382fef2889136415751badebbd1cb022a4ed72",
                "shasum": ""
            },
            "require": {
                "php": ">=5.4.0",
                "psr/http-message": "~1.0"
            },
            "provide": {
                "psr/http-message-implementation": "1.0"
            },
            "require-dev": {
                "phpunit/phpunit": "~4.0"
            },
            "type": "library",
            "extra": {
                "branch-alias": {
                    "dev-master": "1.0-dev"
                }
            },
            "autoload": {
                "psr-4": {
                    "GuzzleHttp\\Psr7\\": "src/"
                },
                "files": [
                    "src/functions_include.php"
                ]
            },
            "notification-url": "https://packagist.org/downloads/",
            "license": [
                "MIT"
            ],
            "authors": [
                {
                    "name": "Michael Dowling",
                    "email": "mtdowling@gmail.com",
                    "homepage": "https://github.com/mtdowling"
                }
            ],
            "description": "PSR-7 message implementation",
            "keywords": [
                "http",
                "message",
                "stream",
                "uri"
            ],
            "time": "2016-04-13 19:56:01"
        },
        {
            "name": "hashids/hashids",
            "version": "1.0.6",
            "source": {
                "type": "git",
                "url": "https://github.com/ivanakimov/hashids.php.git",
                "reference": "6bd7ceffb2ccddef6cd64e88f1717f97d131cc3c"
            },
            "dist": {
                "type": "zip",
                "url": "https://api.github.com/repos/ivanakimov/hashids.php/zipball/6bd7ceffb2ccddef6cd64e88f1717f97d131cc3c",
                "reference": "6bd7ceffb2ccddef6cd64e88f1717f97d131cc3c",
                "shasum": ""
            },
            "require": {
                "php": "^5.3.3 || ^7.0"
            },
            "require-dev": {
                "phpunit/phpunit": "^4.8 || ^5.0"
            },
            "type": "library",
            "extra": {
                "branch-alias": {
                    "dev-master": "1.0-dev"
                }
            },
            "autoload": {
                "psr-4": {
                    "Hashids\\": "lib/Hashids/"
                }
            },
            "notification-url": "https://packagist.org/downloads/",
            "license": [
                "MIT"
            ],
            "authors": [
                {
                    "name": "Ivan Akimov",
                    "email": "ivan@barreleye.com",
                    "homepage": "https://twitter.com/IvanAkimov"
                }
            ],
            "description": "Generate short, unique, non-sequential ids (like YouTube and Bitly) from numbers.",
            "homepage": "http://hashids.org/php",
            "keywords": [
                "bitly",
                "decode",
                "encode",
                "hash",
                "hashid",
                "hashids",
                "ids",
                "obfuscate",
                "youtube"
            ],
            "time": "2016-01-21 04:26:38"
        },
        {
            "name": "nette/mail",
            "version": "v2.3.5",
            "source": {
                "type": "git",
                "url": "https://github.com/nette/mail.git",
                "reference": "44491710d30db970e731c3908c491d061a0e22df"
            },
            "dist": {
                "type": "zip",
                "url": "https://api.github.com/repos/nette/mail/zipball/44491710d30db970e731c3908c491d061a0e22df",
                "reference": "44491710d30db970e731c3908c491d061a0e22df",
                "shasum": ""
            },
            "require": {
                "ext-iconv": "*",
                "nette/utils": "~2.2",
                "php": ">=5.3.1"
            },
            "conflict": {
                "nette/nette": "<2.2"
            },
            "require-dev": {
                "nette/di": "~2.3",
                "nette/tester": "~1.3"
            },
            "suggest": {
                "ext-fileinfo": "to detect type of attached files"
            },
            "type": "library",
            "autoload": {
                "classmap": [
                    "src/"
                ]
            },
            "notification-url": "https://packagist.org/downloads/",
            "license": [
                "BSD-3-Clause",
                "GPL-2.0",
                "GPL-3.0"
            ],
            "authors": [
                {
                    "name": "David Grudl",
                    "homepage": "https://davidgrudl.com"
                },
                {
                    "name": "Nette Community",
                    "homepage": "https://nette.org/contributors"
                }
            ],
            "description": "Nette Mail: Sending E-mails",
            "homepage": "https://nette.org",
            "time": "2016-04-10 12:50:29"
        },
        {
            "name": "nette/utils",
            "version": "v2.3.8",
            "source": {
                "type": "git",
                "url": "https://github.com/nette/utils.git",
                "reference": "34ca4cd67bb768199aae2879eb8ad0ab016f2d8a"
            },
            "dist": {
                "type": "zip",
                "url": "https://api.github.com/repos/nette/utils/zipball/34ca4cd67bb768199aae2879eb8ad0ab016f2d8a",
                "reference": "34ca4cd67bb768199aae2879eb8ad0ab016f2d8a",
                "shasum": ""
            },
            "require": {
                "php": ">=5.3.1"
            },
            "conflict": {
                "nette/nette": "<2.2"
            },
            "require-dev": {
                "nette/tester": "~1.0"
            },
            "suggest": {
                "ext-gd": "to use Image",
                "ext-iconv": "to use Strings::webalize() and toAscii()",
                "ext-intl": "for script transliteration in Strings::webalize() and toAscii()",
                "ext-mbstring": "to use Strings::lower() etc..."
            },
            "type": "library",
            "autoload": {
                "classmap": [
                    "src/"
                ]
            },
            "notification-url": "https://packagist.org/downloads/",
            "license": [
                "BSD-3-Clause",
                "GPL-2.0",
                "GPL-3.0"
            ],
            "authors": [
                {
                    "name": "David Grudl",
                    "homepage": "https://davidgrudl.com"
                },
                {
                    "name": "Nette Community",
                    "homepage": "https://nette.org/contributors"
                }
            ],
            "description": "Nette Utility Classes",
            "homepage": "https://nette.org",
            "time": "2016-03-18 17:36:54"
        },
        {
            "name": "nikic/fast-route",
            "version": "v0.6.0",
            "source": {
                "type": "git",
                "url": "https://github.com/nikic/FastRoute.git",
                "reference": "31fa86924556b80735f98b294a7ffdfb26789f22"
            },
            "dist": {
                "type": "zip",
                "url": "https://api.github.com/repos/nikic/FastRoute/zipball/31fa86924556b80735f98b294a7ffdfb26789f22",
                "reference": "31fa86924556b80735f98b294a7ffdfb26789f22",
                "shasum": ""
            },
            "require": {
                "php": ">=5.4.0"
            },
            "type": "library",
            "autoload": {
                "psr-4": {
                    "FastRoute\\": "src/"
                },
                "files": [
                    "src/functions.php"
                ]
            },
            "notification-url": "https://packagist.org/downloads/",
            "license": [
                "BSD-3-Clause"
            ],
            "authors": [
                {
                    "name": "Nikita Popov",
                    "email": "nikic@php.net"
                }
            ],
            "description": "Fast request router for PHP",
            "keywords": [
                "router",
                "routing"
            ],
            "time": "2015-06-18 19:15:47"
        },
        {
            "name": "psr/http-message",
            "version": "1.0",
            "source": {
                "type": "git",
                "url": "https://github.com/php-fig/http-message.git",
                "reference": "85d63699f0dbedb190bbd4b0d2b9dc707ea4c298"
            },
            "dist": {
                "type": "zip",
                "url": "https://api.github.com/repos/php-fig/http-message/zipball/85d63699f0dbedb190bbd4b0d2b9dc707ea4c298",
                "reference": "85d63699f0dbedb190bbd4b0d2b9dc707ea4c298",
                "shasum": ""
            },
            "require": {
                "php": ">=5.3.0"
            },
            "type": "library",
            "extra": {
                "branch-alias": {
                    "dev-master": "1.0.x-dev"
                }
            },
            "autoload": {
                "psr-4": {
                    "Psr\\Http\\Message\\": "src/"
                }
            },
            "notification-url": "https://packagist.org/downloads/",
            "license": [
                "MIT"
            ],
            "authors": [
                {
                    "name": "PHP-FIG",
                    "homepage": "http://www.php-fig.org/"
                }
            ],
            "description": "Common interface for HTTP messages",
            "keywords": [
                "http",
                "http-message",
                "psr",
                "psr-7",
                "request",
                "response"
            ],
            "time": "2015-05-04 20:22:00"
        },
        {
            "name": "wei/wei",
            "version": "v0.9.20",
            "source": {
                "type": "git",
                "url": "https://github.com/twinh/wei.git",
                "reference": "c07943cc8019de696a5bfd05cb91970649a0bd45"
            },
            "dist": {
                "type": "zip",
                "url": "https://api.github.com/repos/twinh/wei/zipball/c07943cc8019de696a5bfd05cb91970649a0bd45",
                "reference": "c07943cc8019de696a5bfd05cb91970649a0bd45",
                "shasum": ""
            },
            "require": {
                "php": ">=5.3.4"
            },
            "require-dev": {
                "joseph-lenton/php-error": "dev-master",
                "phpunit/phpunit": "4.5.*",
                "satooshi/php-coveralls": "dev-master"
            },
            "type": "library",
            "autoload": {
                "files": [
                    "lib/Wei.php"
                ]
            },
            "notification-url": "https://packagist.org/downloads/",
            "license": [
                "MIT"
            ],
            "authors": [
                {
                    "name": "Twin Huang",
                    "email": "twinhuang@qq.com",
                    "homepage": "https://github.com/twinh/wei"
                }
            ],
            "description": "A micro-framework provided powerful and simple APIs for faster and easier PHP 5.3+ development.",
            "homepage": "https://github.com/twinh/wei",
            "keywords": [
                "cache",
                "database",
                "framework",
                "validator"
            ],
            "time": "2015-06-18 06:59:08"
        }
    ],
    "packages-dev": [],
    "aliases": [],
    "minimum-stability": "stable",
    "stability-flags": [],
    "prefer-stable": false,
    "prefer-lowest": false,
    "platform": [],
    "platform-dev": []
}
